// !$*UTF8*$!
{
	archiveVersion = 1;
	classes = {
	};
	objectVersion = 56;
	objects = {

/* Begin PBXBuildFile section */
		74ACC3802C5003E8009AFF67 /* SportsLeagueViewerApp.swift in Sources */ = {isa = PBXBuildFile; fileRef = 74ACC37F2C5003E8009AFF67 /* SportsLeagueViewerApp.swift */; };
		74ACC3842C5003EB009AFF67 /* Assets.xcassets in Resources */ = {isa = PBXBuildFile; fileRef = 74ACC3832C5003EB009AFF67 /* Assets.xcassets */; };
		74ACC3872C5003EB009AFF67 /* Preview Assets.xcassets in Resources */ = {isa = PBXBuildFile; fileRef = 74ACC3862C5003EB009AFF67 /* Preview Assets.xcassets */; };
		74ACC3912C50046B009AFF67 /* League.swift in Sources */ = {isa = PBXBuildFile; fileRef = 74ACC3902C50046B009AFF67 /* League.swift */; };
		74ACC3932C500470009AFF67 /* Team.swift in Sources */ = {isa = PBXBuildFile; fileRef = 74ACC3922C500470009AFF67 /* Team.swift */; };
		74ACC3972C5004FF009AFF67 /* GetTeamsUseCase.swift in Sources */ = {isa = PBXBuildFile; fileRef = 74ACC3962C5004FF009AFF67 /* GetTeamsUseCase.swift */; };
		74ACC39B2C500522009AFF67 /* GetLeagueUseCase.swift in Sources */ = {isa = PBXBuildFile; fileRef = 74ACC39A2C500522009AFF67 /* GetLeagueUseCase.swift */; };
		74ACC3A62C5005E9009AFF67 /* LeagueRepository.swift in Sources */ = {isa = PBXBuildFile; fileRef = 74ACC3A52C5005E9009AFF67 /* LeagueRepository.swift */; };
		74ACC3AA2C50060C009AFF67 /* TeamRepository.swift in Sources */ = {isa = PBXBuildFile; fileRef = 74ACC3A92C50060C009AFF67 /* TeamRepository.swift */; };
		74ACC3AE2C500630009AFF67 /* TeamDTO.swift in Sources */ = {isa = PBXBuildFile; fileRef = 74ACC3AD2C500630009AFF67 /* TeamDTO.swift */; };
		74ACC3B02C500636009AFF67 /* LeagueDTO.swift in Sources */ = {isa = PBXBuildFile; fileRef = 74ACC3AF2C500636009AFF67 /* LeagueDTO.swift */; };
		74ACC3B52C5006DA009AFF67 /* SearchLeagueView.swift in Sources */ = {isa = PBXBuildFile; fileRef = 74ACC3B42C5006DA009AFF67 /* SearchLeagueView.swift */; };
		74ACC3B82C500723009AFF67 /* SearchLeagueViewModel.swift in Sources */ = {isa = PBXBuildFile; fileRef = 74ACC3B72C500723009AFF67 /* SearchLeagueViewModel.swift */; };
		74ACC3BB2C500764009AFF67 /* APIService.swift in Sources */ = {isa = PBXBuildFile; fileRef = 74ACC3BA2C500764009AFF67 /* APIService.swift */; };
		74ACC3BF2C50076E009AFF67 /* APIError.swift in Sources */ = {isa = PBXBuildFile; fileRef = 74ACC3BE2C50076E009AFF67 /* APIError.swift */; };
		74ACC3C12C500774009AFF67 /* APIRequest.swift in Sources */ = {isa = PBXBuildFile; fileRef = 74ACC3C02C500774009AFF67 /* APIRequest.swift */; };
		74D2144F2C512A9700B6AD30 /* APIKey.swift in Sources */ = {isa = PBXBuildFile; fileRef = 74D2144E2C512A9700B6AD30 /* APIKey.swift */; };
		74EB28D52C565D4A002282B5 /* APIServiceTest.swift in Sources */ = {isa = PBXBuildFile; fileRef = 74EB28D42C565D4A002282B5 /* APIServiceTest.swift */; };
		74EB28D72C565EF4002282B5 /* FakeURLSessionProtocol.swift in Sources */ = {isa = PBXBuildFile; fileRef = 74EB28D62C565EF4002282B5 /* FakeURLSessionProtocol.swift */; };
		74EB28D92C565F65002282B5 /* AllLeagues.json in Resources */ = {isa = PBXBuildFile; fileRef = 74EB28D82C565F65002282B5 /* AllLeagues.json */; };
		74EB28DB2C565F7E002282B5 /* AllTeams.json in Resources */ = {isa = PBXBuildFile; fileRef = 74EB28DA2C565F7E002282B5 /* AllTeams.json */; };
		74EB28DD2C567CD3002282B5 /* SearchLeagueViewModelTest.swift in Sources */ = {isa = PBXBuildFile; fileRef = 74EB28DC2C567CD3002282B5 /* SearchLeagueViewModelTest.swift */; };
		74EB28E02C569784002282B5 /* APIServiceMock.swift in Sources */ = {isa = PBXBuildFile; fileRef = 74EB28DF2C569784002282B5 /* APIServiceMock.swift */; };
		74EB28E52C569E1D002282B5 /* LeagueRepositoryMock.swift in Sources */ = {isa = PBXBuildFile; fileRef = 74EB28E42C569E1D002282B5 /* LeagueRepositoryMock.swift */; };
		74EB28E82C569F66002282B5 /* GetLeagueUseCaseMock.swift in Sources */ = {isa = PBXBuildFile; fileRef = 74EB28E72C569F66002282B5 /* GetLeagueUseCaseMock.swift */; };
		74EB28EA2C56A96B002282B5 /* GetTeamUseCaseMock.swift in Sources */ = {isa = PBXBuildFile; fileRef = 74EB28E92C56A96B002282B5 /* GetTeamUseCaseMock.swift */; };
		74EB28F12C56AB6F002282B5 /* TeamRepositoryMock.swift in Sources */ = {isa = PBXBuildFile; fileRef = 74EB28F02C56AB6F002282B5 /* TeamRepositoryMock.swift */; };
		74FAD6222C56BD9E00A00AC6 /* TeamMapper.swift in Sources */ = {isa = PBXBuildFile; fileRef = 74FAD6212C56BD9E00A00AC6 /* TeamMapper.swift */; };
		74FAD6242C56BDB000A00AC6 /* LeagueMapper.swift in Sources */ = {isa = PBXBuildFile; fileRef = 74FAD6232C56BDB000A00AC6 /* LeagueMapper.swift */; };
		74FAD6282C56E05600A00AC6 /* GetLeagueUseCaseTest.swift in Sources */ = {isa = PBXBuildFile; fileRef = 74FAD6272C56E05600A00AC6 /* GetLeagueUseCaseTest.swift */; };
		74FAD62A2C56E1E700A00AC6 /* GetTeamUseCaseTest.swift in Sources */ = {isa = PBXBuildFile; fileRef = 74FAD6292C56E1E700A00AC6 /* GetTeamUseCaseTest.swift */; };
		74FAD62C2C5ACD6B00A00AC6 /* DIContainer.swift in Sources */ = {isa = PBXBuildFile; fileRef = 74FAD62B2C5ACD6B00A00AC6 /* DIContainer.swift */; };
/* End PBXBuildFile section */

/* Begin PBXContainerItemProxy section */
		74EB28CD2C565C16002282B5 /* PBXContainerItemProxy */ = {
			isa = PBXContainerItemProxy;
			containerPortal = 74ACC3742C5003E8009AFF67 /* Project object */;
			proxyType = 1;
			remoteGlobalIDString = 74ACC37B2C5003E8009AFF67;
			remoteInfo = SportsLeagueViewer;
		};
/* End PBXContainerItemProxy section */

/* Begin PBXFileReference section */
		74ACC37C2C5003E8009AFF67 /* SportsLeagueViewer.app */ = {isa = PBXFileReference; explicitFileType = wrapper.application; includeInIndex = 0; path = SportsLeagueViewer.app; sourceTree = BUILT_PRODUCTS_DIR; };
		74ACC37F2C5003E8009AFF67 /* SportsLeagueViewerApp.swift */ = {isa = PBXFileReference; lastKnownFileType = sourcecode.swift; path = SportsLeagueViewerApp.swift; sourceTree = "<group>"; };
		74ACC3832C5003EB009AFF67 /* Assets.xcassets */ = {isa = PBXFileReference; lastKnownFileType = folder.assetcatalog; path = Assets.xcassets; sourceTree = "<group>"; };
		74ACC3862C5003EB009AFF67 /* Preview Assets.xcassets */ = {isa = PBXFileReference; lastKnownFileType = folder.assetcatalog; path = "Preview Assets.xcassets"; sourceTree = "<group>"; };
		74ACC3902C50046B009AFF67 /* League.swift */ = {isa = PBXFileReference; lastKnownFileType = sourcecode.swift; path = League.swift; sourceTree = "<group>"; };
		74ACC3922C500470009AFF67 /* Team.swift */ = {isa = PBXFileReference; lastKnownFileType = sourcecode.swift; path = Team.swift; sourceTree = "<group>"; };
		74ACC3962C5004FF009AFF67 /* GetTeamsUseCase.swift */ = {isa = PBXFileReference; lastKnownFileType = sourcecode.swift; path = GetTeamsUseCase.swift; sourceTree = "<group>"; };
		74ACC39A2C500522009AFF67 /* GetLeagueUseCase.swift */ = {isa = PBXFileReference; lastKnownFileType = sourcecode.swift; path = GetLeagueUseCase.swift; sourceTree = "<group>"; };
		74ACC3A52C5005E9009AFF67 /* LeagueRepository.swift */ = {isa = PBXFileReference; lastKnownFileType = sourcecode.swift; path = LeagueRepository.swift; sourceTree = "<group>"; };
		74ACC3A92C50060C009AFF67 /* TeamRepository.swift */ = {isa = PBXFileReference; lastKnownFileType = sourcecode.swift; path = TeamRepository.swift; sourceTree = "<group>"; };
		74ACC3AD2C500630009AFF67 /* TeamDTO.swift */ = {isa = PBXFileReference; lastKnownFileType = sourcecode.swift; path = TeamDTO.swift; sourceTree = "<group>"; };
		74ACC3AF2C500636009AFF67 /* LeagueDTO.swift */ = {isa = PBXFileReference; lastKnownFileType = sourcecode.swift; path = LeagueDTO.swift; sourceTree = "<group>"; };
		74ACC3B42C5006DA009AFF67 /* SearchLeagueView.swift */ = {isa = PBXFileReference; lastKnownFileType = sourcecode.swift; path = SearchLeagueView.swift; sourceTree = "<group>"; };
		74ACC3B72C500723009AFF67 /* SearchLeagueViewModel.swift */ = {isa = PBXFileReference; lastKnownFileType = sourcecode.swift; path = SearchLeagueViewModel.swift; sourceTree = "<group>"; };
		74ACC3BA2C500764009AFF67 /* APIService.swift */ = {isa = PBXFileReference; lastKnownFileType = sourcecode.swift; path = APIService.swift; sourceTree = "<group>"; };
		74ACC3BE2C50076E009AFF67 /* APIError.swift */ = {isa = PBXFileReference; lastKnownFileType = sourcecode.swift; path = APIError.swift; sourceTree = "<group>"; };
		74ACC3C02C500774009AFF67 /* APIRequest.swift */ = {isa = PBXFileReference; lastKnownFileType = sourcecode.swift; path = APIRequest.swift; sourceTree = "<group>"; };
		74D2144E2C512A9700B6AD30 /* APIKey.swift */ = {isa = PBXFileReference; lastKnownFileType = sourcecode.swift; path = APIKey.swift; sourceTree = "<group>"; };
		74EB28C92C565C16002282B5 /* SportsLeagueViewerTests.xctest */ = {isa = PBXFileReference; explicitFileType = wrapper.cfbundle; includeInIndex = 0; path = SportsLeagueViewerTests.xctest; sourceTree = BUILT_PRODUCTS_DIR; };
		74EB28D42C565D4A002282B5 /* APIServiceTest.swift */ = {isa = PBXFileReference; lastKnownFileType = sourcecode.swift; path = APIServiceTest.swift; sourceTree = "<group>"; };
		74EB28D62C565EF4002282B5 /* FakeURLSessionProtocol.swift */ = {isa = PBXFileReference; lastKnownFileType = sourcecode.swift; path = FakeURLSessionProtocol.swift; sourceTree = "<group>"; };
		74EB28D82C565F65002282B5 /* AllLeagues.json */ = {isa = PBXFileReference; lastKnownFileType = text.json; path = AllLeagues.json; sourceTree = "<group>"; };
		74EB28DA2C565F7E002282B5 /* AllTeams.json */ = {isa = PBXFileReference; lastKnownFileType = text.json; path = AllTeams.json; sourceTree = "<group>"; };
		74EB28DC2C567CD3002282B5 /* SearchLeagueViewModelTest.swift */ = {isa = PBXFileReference; lastKnownFileType = sourcecode.swift; path = SearchLeagueViewModelTest.swift; sourceTree = "<group>"; };
		74EB28DF2C569784002282B5 /* APIServiceMock.swift */ = {isa = PBXFileReference; lastKnownFileType = sourcecode.swift; path = APIServiceMock.swift; sourceTree = "<group>"; };
		74EB28E42C569E1D002282B5 /* LeagueRepositoryMock.swift */ = {isa = PBXFileReference; lastKnownFileType = sourcecode.swift; path = LeagueRepositoryMock.swift; sourceTree = "<group>"; };
		74EB28E72C569F66002282B5 /* GetLeagueUseCaseMock.swift */ = {isa = PBXFileReference; lastKnownFileType = sourcecode.swift; path = GetLeagueUseCaseMock.swift; sourceTree = "<group>"; };
		74EB28E92C56A96B002282B5 /* GetTeamUseCaseMock.swift */ = {isa = PBXFileReference; lastKnownFileType = sourcecode.swift; path = GetTeamUseCaseMock.swift; sourceTree = "<group>"; };
		74EB28F02C56AB6F002282B5 /* TeamRepositoryMock.swift */ = {isa = PBXFileReference; lastKnownFileType = sourcecode.swift; path = TeamRepositoryMock.swift; sourceTree = "<group>"; };
		74FAD6212C56BD9E00A00AC6 /* TeamMapper.swift */ = {isa = PBXFileReference; lastKnownFileType = sourcecode.swift; path = TeamMapper.swift; sourceTree = "<group>"; };
		74FAD6232C56BDB000A00AC6 /* LeagueMapper.swift */ = {isa = PBXFileReference; lastKnownFileType = sourcecode.swift; path = LeagueMapper.swift; sourceTree = "<group>"; };
		74FAD6272C56E05600A00AC6 /* GetLeagueUseCaseTest.swift */ = {isa = PBXFileReference; lastKnownFileType = sourcecode.swift; path = GetLeagueUseCaseTest.swift; sourceTree = "<group>"; };
		74FAD6292C56E1E700A00AC6 /* GetTeamUseCaseTest.swift */ = {isa = PBXFileReference; lastKnownFileType = sourcecode.swift; path = GetTeamUseCaseTest.swift; sourceTree = "<group>"; };
		74FAD62B2C5ACD6B00A00AC6 /* DIContainer.swift */ = {isa = PBXFileReference; lastKnownFileType = sourcecode.swift; path = DIContainer.swift; sourceTree = "<group>"; };
/* End PBXFileReference section */

/* Begin PBXFrameworksBuildPhase section */
		74ACC3792C5003E8009AFF67 /* Frameworks */ = {
			isa = PBXFrameworksBuildPhase;
			buildActionMask = 2147483647;
			files = (
			);
			runOnlyForDeploymentPostprocessing = 0;
		};
		74EB28C62C565C16002282B5 /* Frameworks */ = {
			isa = PBXFrameworksBuildPhase;
			buildActionMask = 2147483647;
			files = (
			);
			runOnlyForDeploymentPostprocessing = 0;
		};
/* End PBXFrameworksBuildPhase section */

/* Begin PBXGroup section */
		74ACC3732C5003E8009AFF67 = {
			isa = PBXGroup;
			children = (
				74ACC37E2C5003E8009AFF67 /* SportsLeagueViewer */,
				74EB28CA2C565C16002282B5 /* SportsLeagueViewerTests */,
				74ACC37D2C5003E8009AFF67 /* Products */,
			);
			sourceTree = "<group>";
		};
		74ACC37D2C5003E8009AFF67 /* Products */ = {
			isa = PBXGroup;
			children = (
				74ACC37C2C5003E8009AFF67 /* SportsLeagueViewer.app */,
				74EB28C92C565C16002282B5 /* SportsLeagueViewerTests.xctest */,
			);
			name = Products;
			sourceTree = "<group>";
		};
		74ACC37E2C5003E8009AFF67 /* SportsLeagueViewer */ = {
			isa = PBXGroup;
			children = (
				74EB28C22C5657C6002282B5 /* DIContainer */,
				74ACC3A12C50059C009AFF67 /* ApplicationLifeCycle */,
				74ACC38D2C50044C009AFF67 /* Domain */,
				74ACC39E2C500577009AFF67 /* Data */,
				74ACC3B12C5006AE009AFF67 /* Presentation */,
				74ACC3832C5003EB009AFF67 /* Assets.xcassets */,
				74ACC3852C5003EB009AFF67 /* Preview Content */,
			);
			path = SportsLeagueViewer;
			sourceTree = "<group>";
		};
		74ACC3852C5003EB009AFF67 /* Preview Content */ = {
			isa = PBXGroup;
			children = (
				74ACC3862C5003EB009AFF67 /* Preview Assets.xcassets */,
			);
			path = "Preview Content";
			sourceTree = "<group>";
		};
		74ACC38D2C50044C009AFF67 /* Domain */ = {
			isa = PBXGroup;
			children = (
				74ACC38E2C500457009AFF67 /* Models */,
				74ACC38F2C50045F009AFF67 /* UseCases */,
			);
			path = Domain;
			sourceTree = "<group>";
		};
		74ACC38E2C500457009AFF67 /* Models */ = {
			isa = PBXGroup;
			children = (
				74ACC3902C50046B009AFF67 /* League.swift */,
				74ACC3922C500470009AFF67 /* Team.swift */,
			);
			path = Models;
			sourceTree = "<group>";
		};
		74ACC38F2C50045F009AFF67 /* UseCases */ = {
			isa = PBXGroup;
			children = (
				74ACC3942C5004D6009AFF67 /* League */,
				74ACC3952C5004DF009AFF67 /* Team */,
			);
			path = UseCases;
			sourceTree = "<group>";
		};
		74ACC3942C5004D6009AFF67 /* League */ = {
			isa = PBXGroup;
			children = (
				74ACC39A2C500522009AFF67 /* GetLeagueUseCase.swift */,
			);
			path = League;
			sourceTree = "<group>";
		};
		74ACC3952C5004DF009AFF67 /* Team */ = {
			isa = PBXGroup;
			children = (
				74ACC3962C5004FF009AFF67 /* GetTeamsUseCase.swift */,
			);
			path = Team;
			sourceTree = "<group>";
		};
		74ACC39E2C500577009AFF67 /* Data */ = {
			isa = PBXGroup;
			children = (
				74D214502C52962A00B6AD30 /* Mapper */,
				74ACC39F2C50057D009AFF67 /* Repositories */,
				74ACC3A02C50058F009AFF67 /* API */,
			);
			path = Data;
			sourceTree = "<group>";
		};
		74ACC39F2C50057D009AFF67 /* Repositories */ = {
			isa = PBXGroup;
			children = (
				74ACC3A42C5005D0009AFF67 /* League */,
				74ACC3A32C5005CC009AFF67 /* Team */,
			);
			path = Repositories;
			sourceTree = "<group>";
		};
		74ACC3A02C50058F009AFF67 /* API */ = {
			isa = PBXGroup;
			children = (
				74ACC3B92C500750009AFF67 /* Networking */,
				74ACC3A22C5005BC009AFF67 /* Models */,
			);
			path = API;
			sourceTree = "<group>";
		};
		74ACC3A12C50059C009AFF67 /* ApplicationLifeCycle */ = {
			isa = PBXGroup;
			children = (
				74ACC37F2C5003E8009AFF67 /* SportsLeagueViewerApp.swift */,
			);
			path = ApplicationLifeCycle;
			sourceTree = "<group>";
		};
		74ACC3A22C5005BC009AFF67 /* Models */ = {
			isa = PBXGroup;
			children = (
				74ACC3AD2C500630009AFF67 /* TeamDTO.swift */,
				74ACC3AF2C500636009AFF67 /* LeagueDTO.swift */,
			);
			path = Models;
			sourceTree = "<group>";
		};
		74ACC3A32C5005CC009AFF67 /* Team */ = {
			isa = PBXGroup;
			children = (
				74ACC3A92C50060C009AFF67 /* TeamRepository.swift */,
			);
			path = Team;
			sourceTree = "<group>";
		};
		74ACC3A42C5005D0009AFF67 /* League */ = {
			isa = PBXGroup;
			children = (
				74ACC3A52C5005E9009AFF67 /* LeagueRepository.swift */,
			);
			path = League;
			sourceTree = "<group>";
		};
		74ACC3B12C5006AE009AFF67 /* Presentation */ = {
			isa = PBXGroup;
			children = (
				74ACC3B22C5006C3009AFF67 /* View */,
				74ACC3B32C5006C7009AFF67 /* ViewModel */,
			);
			path = Presentation;
			sourceTree = "<group>";
		};
		74ACC3B22C5006C3009AFF67 /* View */ = {
			isa = PBXGroup;
			children = (
				74ACC3B42C5006DA009AFF67 /* SearchLeagueView.swift */,
			);
			path = View;
			sourceTree = "<group>";
		};
		74ACC3B32C5006C7009AFF67 /* ViewModel */ = {
			isa = PBXGroup;
			children = (
				74ACC3B72C500723009AFF67 /* SearchLeagueViewModel.swift */,
			);
			path = ViewModel;
			sourceTree = "<group>";
		};
		74ACC3B92C500750009AFF67 /* Networking */ = {
			isa = PBXGroup;
			children = (
				74ACC3BA2C500764009AFF67 /* APIService.swift */,
				74ACC3BE2C50076E009AFF67 /* APIError.swift */,
				74ACC3C02C500774009AFF67 /* APIRequest.swift */,
				74D2144E2C512A9700B6AD30 /* APIKey.swift */,
			);
			path = Networking;
			sourceTree = "<group>";
		};
		74D214502C52962A00B6AD30 /* Mapper */ = {
			isa = PBXGroup;
			children = (
				74FAD6212C56BD9E00A00AC6 /* TeamMapper.swift */,
				74FAD6232C56BDB000A00AC6 /* LeagueMapper.swift */,
			);
			path = Mapper;
			sourceTree = "<group>";
		};
		74EB28C22C5657C6002282B5 /* DIContainer */ = {
			isa = PBXGroup;
			children = (
				74FAD62B2C5ACD6B00A00AC6 /* DIContainer.swift */,
			);
			path = DIContainer;
			sourceTree = "<group>";
		};
		74EB28CA2C565C16002282B5 /* SportsLeagueViewerTests */ = {
			isa = PBXGroup;
			children = (
				74EB28EE2C56AAEF002282B5 /* Data */,
				74EB28EC2C56A9BA002282B5 /* Domain */,
				74EB28DC2C567CD3002282B5 /* SearchLeagueViewModelTest.swift */,
			);
			path = SportsLeagueViewerTests;
			sourceTree = "<group>";
		};
		74EB28D22C565D32002282B5 /* API */ = {
			isa = PBXGroup;
			children = (
				74EB28D32C565D36002282B5 /* Networking */,
			);
			path = API;
			sourceTree = "<group>";
		};
		74EB28D32C565D36002282B5 /* Networking */ = {
			isa = PBXGroup;
			children = (
				74FAD6202C56BC5400A00AC6 /* Ressources */,
				74EB28E12C569DEB002282B5 /* APIServiceTest */,
				74EB28DE2C569772002282B5 /* APIServiceMock */,
			);
			path = Networking;
			sourceTree = "<group>";
		};
		74EB28DE2C569772002282B5 /* APIServiceMock */ = {
			isa = PBXGroup;
			children = (
				74EB28DF2C569784002282B5 /* APIServiceMock.swift */,
			);
			path = APIServiceMock;
			sourceTree = "<group>";
		};
		74EB28E12C569DEB002282B5 /* APIServiceTest */ = {
			isa = PBXGroup;
			children = (
				74EB28D42C565D4A002282B5 /* APIServiceTest.swift */,
				74EB28D62C565EF4002282B5 /* FakeURLSessionProtocol.swift */,
			);
			path = APIServiceTest;
			sourceTree = "<group>";
		};
		74EB28E62C569F45002282B5 /* UseCasesMock */ = {
			isa = PBXGroup;
			children = (
				74EB28E72C569F66002282B5 /* GetLeagueUseCaseMock.swift */,
				74EB28E92C56A96B002282B5 /* GetTeamUseCaseMock.swift */,
			);
			path = UseCasesMock;
			sourceTree = "<group>";
		};
		74EB28EC2C56A9BA002282B5 /* Domain */ = {
			isa = PBXGroup;
			children = (
				74FAD6252C56DA6500A00AC6 /* UseCases */,
			);
			path = Domain;
			sourceTree = "<group>";
		};
		74EB28EE2C56AAEF002282B5 /* Data */ = {
			isa = PBXGroup;
			children = (
				74EB28EF2C56AB06002282B5 /* RepositoriesMock */,
				74EB28D22C565D32002282B5 /* API */,
			);
			path = Data;
			sourceTree = "<group>";
		};
		74EB28EF2C56AB06002282B5 /* RepositoriesMock */ = {
			isa = PBXGroup;
			children = (
				74EB28E42C569E1D002282B5 /* LeagueRepositoryMock.swift */,
				74EB28F02C56AB6F002282B5 /* TeamRepositoryMock.swift */,
			);
			path = RepositoriesMock;
			sourceTree = "<group>";
		};
		74FAD6202C56BC5400A00AC6 /* Ressources */ = {
			isa = PBXGroup;
			children = (
				74EB28D82C565F65002282B5 /* AllLeagues.json */,
				74EB28DA2C565F7E002282B5 /* AllTeams.json */,
			);
			path = Ressources;
			sourceTree = "<group>";
		};
		74FAD6252C56DA6500A00AC6 /* UseCases */ = {
			isa = PBXGroup;
			children = (
				74FAD6262C56DA7100A00AC6 /* UseCasesTest */,
				74EB28E62C569F45002282B5 /* UseCasesMock */,
			);
			path = UseCases;
			sourceTree = "<group>";
		};
		74FAD6262C56DA7100A00AC6 /* UseCasesTest */ = {
			isa = PBXGroup;
			children = (
				74FAD6272C56E05600A00AC6 /* GetLeagueUseCaseTest.swift */,
				74FAD6292C56E1E700A00AC6 /* GetTeamUseCaseTest.swift */,
			);
			path = UseCasesTest;
			sourceTree = "<group>";
		};
/* End PBXGroup section */

/* Begin PBXNativeTarget section */
		74ACC37B2C5003E8009AFF67 /* SportsLeagueViewer */ = {
			isa = PBXNativeTarget;
			buildConfigurationList = 74ACC38A2C5003EB009AFF67 /* Build configuration list for PBXNativeTarget "SportsLeagueViewer" */;
			buildPhases = (
				74ACC3782C5003E8009AFF67 /* Sources */,
				74ACC3792C5003E8009AFF67 /* Frameworks */,
				74ACC37A2C5003E8009AFF67 /* Resources */,
			);
			buildRules = (
			);
			dependencies = (
			);
			name = SportsLeagueViewer;
			productName = SportsLeagueViewer;
			productReference = 74ACC37C2C5003E8009AFF67 /* SportsLeagueViewer.app */;
			productType = "com.apple.product-type.application";
		};
		74EB28C82C565C16002282B5 /* SportsLeagueViewerTests */ = {
			isa = PBXNativeTarget;
			buildConfigurationList = 74EB28CF2C565C16002282B5 /* Build configuration list for PBXNativeTarget "SportsLeagueViewerTests" */;
			buildPhases = (
				74EB28C52C565C16002282B5 /* Sources */,
				74EB28C62C565C16002282B5 /* Frameworks */,
				74EB28C72C565C16002282B5 /* Resources */,
			);
			buildRules = (
			);
			dependencies = (
				74EB28CE2C565C16002282B5 /* PBXTargetDependency */,
			);
			name = SportsLeagueViewerTests;
			productName = SportsLeagueViewerTests;
			productReference = 74EB28C92C565C16002282B5 /* SportsLeagueViewerTests.xctest */;
			productType = "com.apple.product-type.bundle.unit-test";
		};
/* End PBXNativeTarget section */

/* Begin PBXProject section */
		74ACC3742C5003E8009AFF67 /* Project object */ = {
			isa = PBXProject;
			attributes = {
				BuildIndependentTargetsInParallel = 1;
				LastSwiftUpdateCheck = 1540;
				LastUpgradeCheck = 1540;
				TargetAttributes = {
					74ACC37B2C5003E8009AFF67 = {
						CreatedOnToolsVersion = 15.4;
					};
					74EB28C82C565C16002282B5 = {
						CreatedOnToolsVersion = 15.4;
						TestTargetID = 74ACC37B2C5003E8009AFF67;
					};
				};
			};
			buildConfigurationList = 74ACC3772C5003E8009AFF67 /* Build configuration list for PBXProject "SportsLeagueViewer" */;
			compatibilityVersion = "Xcode 14.0";
			developmentRegion = en;
			hasScannedForEncodings = 0;
			knownRegions = (
				en,
				Base,
			);
			mainGroup = 74ACC3732C5003E8009AFF67;
			productRefGroup = 74ACC37D2C5003E8009AFF67 /* Products */;
			projectDirPath = "";
			projectRoot = "";
			targets = (
				74ACC37B2C5003E8009AFF67 /* SportsLeagueViewer */,
				74EB28C82C565C16002282B5 /* SportsLeagueViewerTests */,
			);
		};
/* End PBXProject section */

/* Begin PBXResourcesBuildPhase section */
		74ACC37A2C5003E8009AFF67 /* Resources */ = {
			isa = PBXResourcesBuildPhase;
			buildActionMask = 2147483647;
			files = (
				74ACC3872C5003EB009AFF67 /* Preview Assets.xcassets in Resources */,
				74ACC3842C5003EB009AFF67 /* Assets.xcassets in Resources */,
			);
			runOnlyForDeploymentPostprocessing = 0;
		};
		74EB28C72C565C16002282B5 /* Resources */ = {
			isa = PBXResourcesBuildPhase;
			buildActionMask = 2147483647;
			files = (
				74EB28D92C565F65002282B5 /* AllLeagues.json in Resources */,
				74EB28DB2C565F7E002282B5 /* AllTeams.json in Resources */,
			);
			runOnlyForDeploymentPostprocessing = 0;
		};
/* End PBXResourcesBuildPhase section */

/* Begin PBXSourcesBuildPhase section */
		74ACC3782C5003E8009AFF67 /* Sources */ = {
			isa = PBXSourcesBuildPhase;
			buildActionMask = 2147483647;
			files = (
				74FAD6222C56BD9E00A00AC6 /* TeamMapper.swift in Sources */,
				74FAD6242C56BDB000A00AC6 /* LeagueMapper.swift in Sources */,
				74ACC3BB2C500764009AFF67 /* APIService.swift in Sources */,
				74D2144F2C512A9700B6AD30 /* APIKey.swift in Sources */,
				74ACC3A62C5005E9009AFF67 /* LeagueRepository.swift in Sources */,
				74ACC3932C500470009AFF67 /* Team.swift in Sources */,
				74ACC3972C5004FF009AFF67 /* GetTeamsUseCase.swift in Sources */,
				74ACC3BF2C50076E009AFF67 /* APIError.swift in Sources */,
				74ACC3B02C500636009AFF67 /* LeagueDTO.swift in Sources */,
				74ACC3AA2C50060C009AFF67 /* TeamRepository.swift in Sources */,
				74ACC3AE2C500630009AFF67 /* TeamDTO.swift in Sources */,
				74ACC39B2C500522009AFF67 /* GetLeagueUseCase.swift in Sources */,
				74ACC3B82C500723009AFF67 /* SearchLeagueViewModel.swift in Sources */,
				74ACC3912C50046B009AFF67 /* League.swift in Sources */,
				74ACC3802C5003E8009AFF67 /* SportsLeagueViewerApp.swift in Sources */,
				74ACC3C12C500774009AFF67 /* APIRequest.swift in Sources */,
				74FAD62C2C5ACD6B00A00AC6 /* DIContainer.swift in Sources */,
				74ACC3B52C5006DA009AFF67 /* SearchLeagueView.swift in Sources */,
			);
			runOnlyForDeploymentPostprocessing = 0;
		};
		74EB28C52C565C16002282B5 /* Sources */ = {
			isa = PBXSourcesBuildPhase;
			buildActionMask = 2147483647;
			files = (
				74EB28E02C569784002282B5 /* APIServiceMock.swift in Sources */,
				74EB28D52C565D4A002282B5 /* APIServiceTest.swift in Sources */,
				74EB28E52C569E1D002282B5 /* LeagueRepositoryMock.swift in Sources */,
				74EB28E82C569F66002282B5 /* GetLeagueUseCaseMock.swift in Sources */,
				74EB28F12C56AB6F002282B5 /* TeamRepositoryMock.swift in Sources */,
				74FAD62A2C56E1E700A00AC6 /* GetTeamUseCaseTest.swift in Sources */,
				74EB28D72C565EF4002282B5 /* FakeURLSessionProtocol.swift in Sources */,
				74EB28DD2C567CD3002282B5 /* SearchLeagueViewModelTest.swift in Sources */,
				74EB28EA2C56A96B002282B5 /* GetTeamUseCaseMock.swift in Sources */,
				74FAD6282C56E05600A00AC6 /* GetLeagueUseCaseTest.swift in Sources */,
			);
			runOnlyForDeploymentPostprocessing = 0;
		};
/* End PBXSourcesBuildPhase section */

/* Begin PBXTargetDependency section */
		74EB28CE2C565C16002282B5 /* PBXTargetDependency */ = {
			isa = PBXTargetDependency;
			target = 74ACC37B2C5003E8009AFF67 /* SportsLeagueViewer */;
			targetProxy = 74EB28CD2C565C16002282B5 /* PBXContainerItemProxy */;
		};
/* End PBXTargetDependency section */

/* Begin XCBuildConfiguration section */
		74ACC3882C5003EB009AFF67 /* Debug */ = {
			isa = XCBuildConfiguration;
			buildSettings = {
				ALWAYS_SEARCH_USER_PATHS = NO;
				ASSETCATALOG_COMPILER_GENERATE_SWIFT_ASSET_SYMBOL_EXTENSIONS = YES;
				CLANG_ANALYZER_NONNULL = YES;
				CLANG_ANALYZER_NUMBER_OBJECT_CONVERSION = YES_AGGRESSIVE;
				CLANG_CXX_LANGUAGE_STANDARD = "gnu++20";
				CLANG_ENABLE_MODULES = YES;
				CLANG_ENABLE_OBJC_ARC = YES;
				CLANG_ENABLE_OBJC_WEAK = YES;
				CLANG_WARN_BLOCK_CAPTURE_AUTORELEASING = YES;
				CLANG_WARN_BOOL_CONVERSION = YES;
				CLANG_WARN_COMMA = YES;
				CLANG_WARN_CONSTANT_CONVERSION = YES;
				CLANG_WARN_DEPRECATED_OBJC_IMPLEMENTATIONS = YES;
				CLANG_WARN_DIRECT_OBJC_ISA_USAGE = YES_ERROR;
				CLANG_WARN_DOCUMENTATION_COMMENTS = YES;
				CLANG_WARN_EMPTY_BODY = YES;
				CLANG_WARN_ENUM_CONVERSION = YES;
				CLANG_WARN_INFINITE_RECURSION = YES;
				CLANG_WARN_INT_CONVERSION = YES;
				CLANG_WARN_NON_LITERAL_NULL_CONVERSION = YES;
				CLANG_WARN_OBJC_IMPLICIT_RETAIN_SELF = YES;
				CLANG_WARN_OBJC_LITERAL_CONVERSION = YES;
				CLANG_WARN_OBJC_ROOT_CLASS = YES_ERROR;
				CLANG_WARN_QUOTED_INCLUDE_IN_FRAMEWORK_HEADER = YES;
				CLANG_WARN_RANGE_LOOP_ANALYSIS = YES;
				CLANG_WARN_STRICT_PROTOTYPES = YES;
				CLANG_WARN_SUSPICIOUS_MOVE = YES;
				CLANG_WARN_UNGUARDED_AVAILABILITY = YES_AGGRESSIVE;
				CLANG_WARN_UNREACHABLE_CODE = YES;
				CLANG_WARN__DUPLICATE_METHOD_MATCH = YES;
				COPY_PHASE_STRIP = NO;
				DEBUG_INFORMATION_FORMAT = dwarf;
				ENABLE_STRICT_OBJC_MSGSEND = YES;
				ENABLE_TESTABILITY = YES;
				ENABLE_USER_SCRIPT_SANDBOXING = YES;
				GCC_C_LANGUAGE_STANDARD = gnu17;
				GCC_DYNAMIC_NO_PIC = NO;
				GCC_NO_COMMON_BLOCKS = YES;
				GCC_OPTIMIZATION_LEVEL = 0;
				GCC_PREPROCESSOR_DEFINITIONS = (
					"DEBUG=1",
					"$(inherited)",
				);
				GCC_WARN_64_TO_32_BIT_CONVERSION = YES;
				GCC_WARN_ABOUT_RETURN_TYPE = YES_ERROR;
				GCC_WARN_UNDECLARED_SELECTOR = YES;
				GCC_WARN_UNINITIALIZED_AUTOS = YES_AGGRESSIVE;
				GCC_WARN_UNUSED_FUNCTION = YES;
				GCC_WARN_UNUSED_VARIABLE = YES;
				IPHONEOS_DEPLOYMENT_TARGET = 17.5;
				LOCALIZATION_PREFERS_STRING_CATALOGS = YES;
				MTL_ENABLE_DEBUG_INFO = INCLUDE_SOURCE;
				MTL_FAST_MATH = YES;
				ONLY_ACTIVE_ARCH = YES;
				SDKROOT = iphoneos;
				SWIFT_ACTIVE_COMPILATION_CONDITIONS = "DEBUG $(inherited)";
				SWIFT_OPTIMIZATION_LEVEL = "-Onone";
			};
			name = Debug;
		};
		74ACC3892C5003EB009AFF67 /* Release */ = {
			isa = XCBuildConfiguration;
			buildSettings = {
				ALWAYS_SEARCH_USER_PATHS = NO;
				ASSETCATALOG_COMPILER_GENERATE_SWIFT_ASSET_SYMBOL_EXTENSIONS = YES;
				CLANG_ANALYZER_NONNULL = YES;
				CLANG_ANALYZER_NUMBER_OBJECT_CONVERSION = YES_AGGRESSIVE;
				CLANG_CXX_LANGUAGE_STANDARD = "gnu++20";
				CLANG_ENABLE_MODULES = YES;
				CLANG_ENABLE_OBJC_ARC = YES;
				CLANG_ENABLE_OBJC_WEAK = YES;
				CLANG_WARN_BLOCK_CAPTURE_AUTORELEASING = YES;
				CLANG_WARN_BOOL_CONVERSION = YES;
				CLANG_WARN_COMMA = YES;
				CLANG_WARN_CONSTANT_CONVERSION = YES;
				CLANG_WARN_DEPRECATED_OBJC_IMPLEMENTATIONS = YES;
				CLANG_WARN_DIRECT_OBJC_ISA_USAGE = YES_ERROR;
				CLANG_WARN_DOCUMENTATION_COMMENTS = YES;
				CLANG_WARN_EMPTY_BODY = YES;
				CLANG_WARN_ENUM_CONVERSION = YES;
				CLANG_WARN_INFINITE_RECURSION = YES;
				CLANG_WARN_INT_CONVERSION = YES;
				CLANG_WARN_NON_LITERAL_NULL_CONVERSION = YES;
				CLANG_WARN_OBJC_IMPLICIT_RETAIN_SELF = YES;
				CLANG_WARN_OBJC_LITERAL_CONVERSION = YES;
				CLANG_WARN_OBJC_ROOT_CLASS = YES_ERROR;
				CLANG_WARN_QUOTED_INCLUDE_IN_FRAMEWORK_HEADER = YES;
				CLANG_WARN_RANGE_LOOP_ANALYSIS = YES;
				CLANG_WARN_STRICT_PROTOTYPES = YES;
				CLANG_WARN_SUSPICIOUS_MOVE = YES;
				CLANG_WARN_UNGUARDED_AVAILABILITY = YES_AGGRESSIVE;
				CLANG_WARN_UNREACHABLE_CODE = YES;
				CLANG_WARN__DUPLICATE_METHOD_MATCH = YES;
				COPY_PHASE_STRIP = NO;
				DEBUG_INFORMATION_FORMAT = "dwarf-with-dsym";
				ENABLE_NS_ASSERTIONS = NO;
				ENABLE_STRICT_OBJC_MSGSEND = YES;
				ENABLE_USER_SCRIPT_SANDBOXING = YES;
				GCC_C_LANGUAGE_STANDARD = gnu17;
				GCC_NO_COMMON_BLOCKS = YES;
				GCC_WARN_64_TO_32_BIT_CONVERSION = YES;
				GCC_WARN_ABOUT_RETURN_TYPE = YES_ERROR;
				GCC_WARN_UNDECLARED_SELECTOR = YES;
				GCC_WARN_UNINITIALIZED_AUTOS = YES_AGGRESSIVE;
				GCC_WARN_UNUSED_FUNCTION = YES;
				GCC_WARN_UNUSED_VARIABLE = YES;
				IPHONEOS_DEPLOYMENT_TARGET = 17.5;
				LOCALIZATION_PREFERS_STRING_CATALOGS = YES;
				MTL_ENABLE_DEBUG_INFO = NO;
				MTL_FAST_MATH = YES;
				SDKROOT = iphoneos;
				SWIFT_COMPILATION_MODE = wholemodule;
				VALIDATE_PRODUCT = YES;
			};
			name = Release;
		};
		74ACC38B2C5003EB009AFF67 /* Debug */ = {
			isa = XCBuildConfiguration;
			buildSettings = {
				ASSETCATALOG_COMPILER_APPICON_NAME = AppIcon;
				ASSETCATALOG_COMPILER_GLOBAL_ACCENT_COLOR_NAME = AccentColor;
				CODE_SIGN_STYLE = Automatic;
				CURRENT_PROJECT_VERSION = 1;
				DEVELOPMENT_ASSET_PATHS = "\"SportsLeagueViewer/Preview Content\"";
				DEVELOPMENT_TEAM = PQM28NC327;
				ENABLE_PREVIEWS = YES;
				GENERATE_INFOPLIST_FILE = YES;
				INFOPLIST_KEY_UIApplicationSceneManifest_Generation = YES;
				INFOPLIST_KEY_UIApplicationSupportsIndirectInputEvents = YES;
				INFOPLIST_KEY_UILaunchScreen_Generation = YES;
				INFOPLIST_KEY_UISupportedInterfaceOrientations_iPad = "UIInterfaceOrientationPortrait UIInterfaceOrientationPortraitUpsideDown UIInterfaceOrientationLandscapeLeft UIInterfaceOrientationLandscapeRight";
				INFOPLIST_KEY_UISupportedInterfaceOrientations_iPhone = "UIInterfaceOrientationPortrait UIInterfaceOrientationLandscapeLeft UIInterfaceOrientationLandscapeRight";
				LD_RUNPATH_SEARCH_PATHS = (
					"$(inherited)",
					"@executable_path/Frameworks",
				);
				MARKETING_VERSION = 1.0;
				PRODUCT_BUNDLE_IDENTIFIER = com.fxm.SportsLeagueViewer;
				PRODUCT_NAME = "$(TARGET_NAME)";
				SUPPORTED_PLATFORMS = "iphoneos iphonesimulator";
				SUPPORTS_MACCATALYST = NO;
				SUPPORTS_MAC_DESIGNED_FOR_IPHONE_IPAD = NO;
				SUPPORTS_XR_DESIGNED_FOR_IPHONE_IPAD = NO;
				SWIFT_EMIT_LOC_STRINGS = YES;
				SWIFT_VERSION = 5.0;
				TARGETED_DEVICE_FAMILY = "1,2";
			};
			name = Debug;
		};
		74ACC38C2C5003EB009AFF67 /* Release */ = {
			isa = XCBuildConfiguration;
			buildSettings = {
				ASSETCATALOG_COMPILER_APPICON_NAME = AppIcon;
				ASSETCATALOG_COMPILER_GLOBAL_ACCENT_COLOR_NAME = AccentColor;
				CODE_SIGN_STYLE = Automatic;
				CURRENT_PROJECT_VERSION = 1;
				DEVELOPMENT_ASSET_PATHS = "\"SportsLeagueViewer/Preview Content\"";
				DEVELOPMENT_TEAM = PQM28NC327;
				ENABLE_PREVIEWS = YES;
				GENERATE_INFOPLIST_FILE = YES;
				INFOPLIST_KEY_UIApplicationSceneManifest_Generation = YES;
				INFOPLIST_KEY_UIApplicationSupportsIndirectInputEvents = YES;
				INFOPLIST_KEY_UILaunchScreen_Generation = YES;
				INFOPLIST_KEY_UISupportedInterfaceOrientations_iPad = "UIInterfaceOrientationPortrait UIInterfaceOrientationPortraitUpsideDown UIInterfaceOrientationLandscapeLeft UIInterfaceOrientationLandscapeRight";
				INFOPLIST_KEY_UISupportedInterfaceOrientations_iPhone = "UIInterfaceOrientationPortrait UIInterfaceOrientationLandscapeLeft UIInterfaceOrientationLandscapeRight";
				LD_RUNPATH_SEARCH_PATHS = (
					"$(inherited)",
					"@executable_path/Frameworks",
				);
				MARKETING_VERSION = 1.0;
				PRODUCT_BUNDLE_IDENTIFIER = com.fxm.SportsLeagueViewer;
				PRODUCT_NAME = "$(TARGET_NAME)";
				SUPPORTED_PLATFORMS = "iphoneos iphonesimulator";
				SUPPORTS_MACCATALYST = NO;
				SUPPORTS_MAC_DESIGNED_FOR_IPHONE_IPAD = NO;
				SUPPORTS_XR_DESIGNED_FOR_IPHONE_IPAD = NO;
				SWIFT_EMIT_LOC_STRINGS = YES;
				SWIFT_VERSION = 5.0;
				TARGETED_DEVICE_FAMILY = "1,2";
			};
			name = Release;
		};
		74EB28D02C565C16002282B5 /* Debug */ = {
			isa = XCBuildConfiguration;
			buildSettings = {
				BUNDLE_LOADER = "$(TEST_HOST)";
				CODE_SIGN_STYLE = Automatic;
				CURRENT_PROJECT_VERSION = 1;
				DEVELOPMENT_TEAM = PQM28NC327;
				GENERATE_INFOPLIST_FILE = YES;
				MARKETING_VERSION = 1.0;
				PRODUCT_BUNDLE_IDENTIFIER = com.fxm.SportsLeagueViewerTests;
				PRODUCT_NAME = "$(TARGET_NAME)";
				SUPPORTED_PLATFORMS = "iphoneos iphonesimulator";
				SUPPORTS_MACCATALYST = NO;
				SUPPORTS_MAC_DESIGNED_FOR_IPHONE_IPAD = NO;
				SUPPORTS_XR_DESIGNED_FOR_IPHONE_IPAD = NO;
				SWIFT_EMIT_LOC_STRINGS = NO;
				SWIFT_VERSION = 5.0;
				TARGETED_DEVICE_FAMILY = "1,2";
				TEST_HOST = "$(BUILT_PRODUCTS_DIR)/SportsLeagueViewer.app/$(BUNDLE_EXECUTABLE_FOLDER_PATH)/SportsLeagueViewer";
			};
			name = Debug;
		};
		74EB28D12C565C16002282B5 /* Release */ = {
			isa = XCBuildConfiguration;
			buildSettings = {
				BUNDLE_LOADER = "$(TEST_HOST)";
				CODE_SIGN_STYLE = Automatic;
				CURRENT_PROJECT_VERSION = 1;
				DEVELOPMENT_TEAM = PQM28NC327;
				GENERATE_INFOPLIST_FILE = YES;
				MARKETING_VERSION = 1.0;
				PRODUCT_BUNDLE_IDENTIFIER = com.fxm.SportsLeagueViewerTests;
				PRODUCT_NAME = "$(TARGET_NAME)";
				SUPPORTED_PLATFORMS = "iphoneos iphonesimulator";
				SUPPORTS_MACCATALYST = NO;
				SUPPORTS_MAC_DESIGNED_FOR_IPHONE_IPAD = NO;
				SUPPORTS_XR_DESIGNED_FOR_IPHONE_IPAD = NO;
				SWIFT_EMIT_LOC_STRINGS = NO;
				SWIFT_VERSION = 5.0;
				TARGETED_DEVICE_FAMILY = "1,2";
				TEST_HOST = "$(BUILT_PRODUCTS_DIR)/SportsLeagueViewer.app/$(BUNDLE_EXECUTABLE_FOLDER_PATH)/SportsLeagueViewer";
			};
			name = Release;
		};
/* End XCBuildConfiguration section */

/* Begin XCConfigurationList section */
		74ACC3772C5003E8009AFF67 /* Build configuration list for PBXProject "SportsLeagueViewer" */ = {
			isa = XCConfigurationList;
			buildConfigurations = (
				74ACC3882C5003EB009AFF67 /* Debug */,
				74ACC3892C5003EB009AFF67 /* Release */,
			);
			defaultConfigurationIsVisible = 0;
			defaultConfigurationName = Release;
		};
		74ACC38A2C5003EB009AFF67 /* Build configuration list for PBXNativeTarget "SportsLeagueViewer" */ = {
			isa = XCConfigurationList;
			buildConfigurations = (
				74ACC38B2C5003EB009AFF67 /* Debug */,
				74ACC38C2C5003EB009AFF67 /* Release */,
			);
			defaultConfigurationIsVisible = 0;
			defaultConfigurationName = Release;
		};
		74EB28CF2C565C16002282B5 /* Build configuration list for PBXNativeTarget "SportsLeagueViewerTests" */ = {
			isa = XCConfigurationList;
			buildConfigurations = (
				74EB28D02C565C16002282B5 /* Debug */,
				74EB28D12C565C16002282B5 /* Release */,
			);
			defaultConfigurationIsVisible = 0;
			defaultConfigurationName = Release;
		};
/* End XCConfigurationList section */
	};
	rootObject = 74ACC3742C5003E8009AFF67 /* Project object */;
}
